
Microsoft Visual Studio Solution File, Format Version 12.00
# Visual Studio Version 17
VisualStudioVersion = 17.14.36623.8 d17.14
MinimumVisualStudioVersion = 10.0.40219.1
Project("{FAE04EC0-301F-11D3-BF4B-00C04F79EFBC}") = "P12_714240046.cs", "StartUp.cs\P12_714240046.cs.csproj", "{AE3C50EF-B30A-4CB1-B594-5839D64D36FB}"
EndProject
Global
	GlobalSection(SolutionConfigurationPlatforms) = preSolution
		Debug|Any CPU = Debug|Any CPU
		Release|Any CPU = Release|Any CPU
	EndGlobalSection
	GlobalSection(ProjectConfigurationPlatforms) = postSolution
		{AE3C50EF-B30A-4CB1-B594-5839D64D36FB}.Debug|Any CPU.ActiveCfg = Debug|Any CPU
		{AE3C50EF-B30A-4CB1-B594-5839D64D36FB}.Debug|Any CPU.Build.0 = Debug|Any CPU
		{AE3C50EF-B30A-4CB1-B594-5839D64D36FB}.Release|Any CPU.ActiveCfg = Release|Any CPU
		{AE3C50EF-B30A-4CB1-B594-5839D64D36FB}.Release|Any CPU.Build.0 = Release|Any CPU
	EndGlobalSection
	GlobalSection(SolutionProperties) = preSolution
		HideSolutionNode = FALSE
	EndGlobalSection
	GlobalSection(ExtensibilityGlobals) = postSolution
		SolutionGuid = {51E52605-BE7B-4689-83C9-ACA2923FAC5E}
	EndGlobalSection
EndGlobal
