
Microsoft Visual Studio Solution File, Format Version 12.00
# Visual Studio Version 17
VisualStudioVersion = 17.14.36623.8 d17.14
MinimumVisualStudioVersion = 10.0.40219.1
Project("{FAE04EC0-301F-11D3-BF4B-00C04F79EFBC}") = "P7_1_714240046", "P7_1_714240046\P7_1_714240046.csproj", "{F3CF2291-A887-42EF-81FC-B75B4DFF8C70}"
EndProject
Global
	GlobalSection(SolutionConfigurationPlatforms) = preSolution
		Debug|Any CPU = Debug|Any CPU
		Release|Any CPU = Release|Any CPU
	EndGlobalSection
	GlobalSection(ProjectConfigurationPlatforms) = postSolution
		{F3CF2291-A887-42EF-81FC-B75B4DFF8C70}.Debug|Any CPU.ActiveCfg = Debug|Any CPU
		{F3CF2291-A887-42EF-81FC-B75B4DFF8C70}.Debug|Any CPU.Build.0 = Debug|Any CPU
		{F3CF2291-A887-42EF-81FC-B75B4DFF8C70}.Release|Any CPU.ActiveCfg = Release|Any CPU
		{F3CF2291-A887-42EF-81FC-B75B4DFF8C70}.Release|Any CPU.Build.0 = Release|Any CPU
	EndGlobalSection
	GlobalSection(SolutionProperties) = preSolution
		HideSolutionNode = FALSE
	EndGlobalSection
	GlobalSection(ExtensibilityGlobals) = postSolution
		SolutionGuid = {284896BA-6A9A-4072-9460-7B3E36EA6EBD}
	EndGlobalSection
EndGlobal
